
Microsoft Visual Studio Solution File, Format Version 12.00
# Visual Studio Version 17
VisualStudioVersion = 17.14.36915.13 d17.14
MinimumVisualStudioVersion = 10.0.40219.1
Project("{FAE04EC0-301F-11D3-BF4B-00C04F79EFBC}") = "Navegador", "Navegador.csproj", "{901BF5DB-A06C-431A-BEB5-BA6249313D75}"
EndProject
Global
	GlobalSection(SolutionConfigurationPlatforms) = preSolution
		Debug|Any CPU = Debug|Any CPU
		Release|Any CPU = Release|Any CPU
	EndGlobalSection
	GlobalSection(ProjectConfigurationPlatforms) = postSolution
		{901BF5DB-A06C-431A-BEB5-BA6249313D75}.Debug|Any CPU.ActiveCfg = Debug|Any CPU
		{901BF5DB-A06C-431A-BEB5-BA6249313D75}.Debug|Any CPU.Build.0 = Debug|Any CPU
		{901BF5DB-A06C-431A-BEB5-BA6249313D75}.Release|Any CPU.ActiveCfg = Release|Any CPU
		{901BF5DB-A06C-431A-BEB5-BA6249313D75}.Release|Any CPU.Build.0 = Release|Any CPU
	EndGlobalSection
	GlobalSection(SolutionProperties) = preSolution
		HideSolutionNode = FALSE
	EndGlobalSection
	GlobalSection(ExtensibilityGlobals) = postSolution
		SolutionGuid = {6E1E44AB-A84A-4F44-B210-B425EE3B94B3}
	EndGlobalSection
EndGlobal
